
Microsoft Visual Studio Solution File, Format Version 12.00
# Visual Studio Version 17
VisualStudioVersion = 17.3.32819.101
MinimumVisualStudioVersion = 10.0.40219.1
Project("{9A19103F-16F7-4668-BE54-9A1E7A4F7556}") = "Projeto", "Projeto.csproj", "{4652CF9A-1112-4B74-8305-56E7A4143912}"
EndProject
Project("{9A19103F-16F7-4668-BE54-9A1E7A4F7556}") = "Projeto.Application", "..\Projeto.Application\Projeto.Application.csproj", "{26DEB3AC-1A25-4D75-A940-B11C338A06C1}"
EndProject
Project("{FAE04EC0-301F-11D3-BF4B-00C04F79EFBC}") = "Projeto.Repository", "..\Projeto.Repository\Projeto.Repository.csproj", "{DE02BF42-977E-49A1-BB00-CB78794CE80F}"
EndProject
Global
	GlobalSection(SolutionConfigurationPlatforms) = preSolution
		Debug|Any CPU = Debug|Any CPU
		Release|Any CPU = Release|Any CPU
	EndGlobalSection
	GlobalSection(ProjectConfigurationPlatforms) = postSolution
		{4652CF9A-1112-4B74-8305-56E7A4143912}.Debug|Any CPU.ActiveCfg = Debug|Any CPU
		{4652CF9A-1112-4B74-8305-56E7A4143912}.Debug|Any CPU.Build.0 = Debug|Any CPU
		{4652CF9A-1112-4B74-8305-56E7A4143912}.Release|Any CPU.ActiveCfg = Release|Any CPU
		{4652CF9A-1112-4B74-8305-56E7A4143912}.Release|Any CPU.Build.0 = Release|Any CPU
		{26DEB3AC-1A25-4D75-A940-B11C338A06C1}.Debug|Any CPU.ActiveCfg = Debug|Any CPU
		{26DEB3AC-1A25-4D75-A940-B11C338A06C1}.Debug|Any CPU.Build.0 = Debug|Any CPU
		{26DEB3AC-1A25-4D75-A940-B11C338A06C1}.Release|Any CPU.ActiveCfg = Release|Any CPU
		{26DEB3AC-1A25-4D75-A940-B11C338A06C1}.Release|Any CPU.Build.0 = Release|Any CPU
		{DE02BF42-977E-49A1-BB00-CB78794CE80F}.Debug|Any CPU.ActiveCfg = Debug|Any CPU
		{DE02BF42-977E-49A1-BB00-CB78794CE80F}.Debug|Any CPU.Build.0 = Debug|Any CPU
		{DE02BF42-977E-49A1-BB00-CB78794CE80F}.Release|Any CPU.ActiveCfg = Release|Any CPU
		{DE02BF42-977E-49A1-BB00-CB78794CE80F}.Release|Any CPU.Build.0 = Release|Any CPU
	EndGlobalSection
	GlobalSection(SolutionProperties) = preSolution
		HideSolutionNode = FALSE
	EndGlobalSection
	GlobalSection(ExtensibilityGlobals) = postSolution
		SolutionGuid = {F9E8254D-CBC5-45FE-A60E-BC1F0DDF1940}
	EndGlobalSection
EndGlobal
