
Microsoft Visual Studio Solution File, Format Version 12.00
# Visual Studio Version 17
VisualStudioVersion = 17.3.32819.101
MinimumVisualStudioVersion = 10.0.40219.1
Project("{FAE04EC0-301F-11D3-BF4B-00C04F79EFBC}") = "pessoa", "pessoa.csproj", "{88E53493-5EBE-41C7-98FA-913D7D3669E7}"
EndProject
Global
	GlobalSection(SolutionConfigurationPlatforms) = preSolution
		Debug|Any CPU = Debug|Any CPU
		Release|Any CPU = Release|Any CPU
	EndGlobalSection
	GlobalSection(ProjectConfigurationPlatforms) = postSolution
		{88E53493-5EBE-41C7-98FA-913D7D3669E7}.Debug|Any CPU.ActiveCfg = Debug|Any CPU
		{88E53493-5EBE-41C7-98FA-913D7D3669E7}.Debug|Any CPU.Build.0 = Debug|Any CPU
		{88E53493-5EBE-41C7-98FA-913D7D3669E7}.Release|Any CPU.ActiveCfg = Release|Any CPU
		{88E53493-5EBE-41C7-98FA-913D7D3669E7}.Release|Any CPU.Build.0 = Release|Any CPU
	EndGlobalSection
	GlobalSection(SolutionProperties) = preSolution
		HideSolutionNode = FALSE
	EndGlobalSection
	GlobalSection(ExtensibilityGlobals) = postSolution
		SolutionGuid = {81982685-1DE8-41AE-9740-AC4993464CA7}
	EndGlobalSection
EndGlobal
