
Microsoft Visual Studio Solution File, Format Version 12.00
# Visual Studio Version 17
VisualStudioVersion = 17.3.32819.101
MinimumVisualStudioVersion = 10.0.40219.1
Project("{FAE04EC0-301F-11D3-BF4B-00C04F79EFBC}") = "OlaMundo1", "OlaMundo1.csproj", "{BF23D975-B6E0-4E2E-93C4-0A9E16BC88B4}"
EndProject
Global
	GlobalSection(SolutionConfigurationPlatforms) = preSolution
		Debug|Any CPU = Debug|Any CPU
		Release|Any CPU = Release|Any CPU
	EndGlobalSection
	GlobalSection(ProjectConfigurationPlatforms) = postSolution
		{BF23D975-B6E0-4E2E-93C4-0A9E16BC88B4}.Debug|Any CPU.ActiveCfg = Debug|Any CPU
		{BF23D975-B6E0-4E2E-93C4-0A9E16BC88B4}.Debug|Any CPU.Build.0 = Debug|Any CPU
		{BF23D975-B6E0-4E2E-93C4-0A9E16BC88B4}.Release|Any CPU.ActiveCfg = Release|Any CPU
		{BF23D975-B6E0-4E2E-93C4-0A9E16BC88B4}.Release|Any CPU.Build.0 = Release|Any CPU
	EndGlobalSection
	GlobalSection(SolutionProperties) = preSolution
		HideSolutionNode = FALSE
	EndGlobalSection
	GlobalSection(ExtensibilityGlobals) = postSolution
		SolutionGuid = {B2C0EB82-F181-4449-9BCA-3621727D44FC}
	EndGlobalSection
EndGlobal
