
Microsoft Visual Studio Solution File, Format Version 12.00
# Visual Studio Version 17
VisualStudioVersion = 17.3.32819.101
MinimumVisualStudioVersion = 10.0.40219.1
Project("{9A19103F-16F7-4668-BE54-9A1E7A4F7556}") = "WebAPiPessoa", "WebAPiPessoa.csproj", "{5BC70A01-1E9C-4193-815C-1A4118384928}"
EndProject
Project("{9A19103F-16F7-4668-BE54-9A1E7A4F7556}") = "WebAPiPessoa.Application", "..\WebAPiPessoa.Application\WebAPiPessoa.Application.csproj", "{16C83878-79BC-49CD-BDF7-E69236E6FF48}"
EndProject
Project("{FAE04EC0-301F-11D3-BF4B-00C04F79EFBC}") = "WebAPiPessoa.Repository", "..\WebAPiPessoa.Repository\WebAPiPessoa.Repository.csproj", "{DB81AFBF-56FD-4B47-8C4A-9DBCB1A984C9}"
EndProject
Global
	GlobalSection(SolutionConfigurationPlatforms) = preSolution
		Debug|Any CPU = Debug|Any CPU
		Release|Any CPU = Release|Any CPU
	EndGlobalSection
	GlobalSection(ProjectConfigurationPlatforms) = postSolution
		{5BC70A01-1E9C-4193-815C-1A4118384928}.Debug|Any CPU.ActiveCfg = Debug|Any CPU
		{5BC70A01-1E9C-4193-815C-1A4118384928}.Debug|Any CPU.Build.0 = Debug|Any CPU
		{5BC70A01-1E9C-4193-815C-1A4118384928}.Release|Any CPU.ActiveCfg = Release|Any CPU
		{5BC70A01-1E9C-4193-815C-1A4118384928}.Release|Any CPU.Build.0 = Release|Any CPU
		{16C83878-79BC-49CD-BDF7-E69236E6FF48}.Debug|Any CPU.ActiveCfg = Debug|Any CPU
		{16C83878-79BC-49CD-BDF7-E69236E6FF48}.Debug|Any CPU.Build.0 = Debug|Any CPU
		{16C83878-79BC-49CD-BDF7-E69236E6FF48}.Release|Any CPU.ActiveCfg = Release|Any CPU
		{16C83878-79BC-49CD-BDF7-E69236E6FF48}.Release|Any CPU.Build.0 = Release|Any CPU
		{DB81AFBF-56FD-4B47-8C4A-9DBCB1A984C9}.Debug|Any CPU.ActiveCfg = Debug|Any CPU
		{DB81AFBF-56FD-4B47-8C4A-9DBCB1A984C9}.Debug|Any CPU.Build.0 = Debug|Any CPU
		{DB81AFBF-56FD-4B47-8C4A-9DBCB1A984C9}.Release|Any CPU.ActiveCfg = Release|Any CPU
		{DB81AFBF-56FD-4B47-8C4A-9DBCB1A984C9}.Release|Any CPU.Build.0 = Release|Any CPU
	EndGlobalSection
	GlobalSection(SolutionProperties) = preSolution
		HideSolutionNode = FALSE
	EndGlobalSection
	GlobalSection(ExtensibilityGlobals) = postSolution
		SolutionGuid = {9F320179-3F74-4770-AF61-29CBA52E8167}
	EndGlobalSection
EndGlobal
