
Microsoft Visual Studio Solution File, Format Version 12.00
# Visual Studio Version 17
VisualStudioVersion = 17.3.32819.101
MinimumVisualStudioVersion = 10.0.40219.1
Project("{FAE04EC0-301F-11D3-BF4B-00C04F79EFBC}") = "ProjetoVar", "ProjetoVar.csproj", "{716AD477-50AE-44C9-959C-CF3DA58B6E39}"
EndProject
Global
	GlobalSection(SolutionConfigurationPlatforms) = preSolution
		Debug|Any CPU = Debug|Any CPU
		Release|Any CPU = Release|Any CPU
	EndGlobalSection
	GlobalSection(ProjectConfigurationPlatforms) = postSolution
		{716AD477-50AE-44C9-959C-CF3DA58B6E39}.Debug|Any CPU.ActiveCfg = Debug|Any CPU
		{716AD477-50AE-44C9-959C-CF3DA58B6E39}.Debug|Any CPU.Build.0 = Debug|Any CPU
		{716AD477-50AE-44C9-959C-CF3DA58B6E39}.Release|Any CPU.ActiveCfg = Release|Any CPU
		{716AD477-50AE-44C9-959C-CF3DA58B6E39}.Release|Any CPU.Build.0 = Release|Any CPU
	EndGlobalSection
	GlobalSection(SolutionProperties) = preSolution
		HideSolutionNode = FALSE
	EndGlobalSection
	GlobalSection(ExtensibilityGlobals) = postSolution
		SolutionGuid = {B3038B65-3411-412C-ACF9-B9A1FF22A82E}
	EndGlobalSection
EndGlobal
