
Microsoft Visual Studio Solution File, Format Version 12.00
# Visual Studio Version 17
VisualStudioVersion = 17.3.32819.101
MinimumVisualStudioVersion = 10.0.40219.1
Project("{FAE04EC0-301F-11D3-BF4B-00C04F79EFBC}") = "OlaMundo", "OlaMundo.csproj", "{FCB08B5B-C4C7-4837-8B8D-90FC3FD6D382}"
EndProject
Global
	GlobalSection(SolutionConfigurationPlatforms) = preSolution
		Debug|Any CPU = Debug|Any CPU
		Release|Any CPU = Release|Any CPU
	EndGlobalSection
	GlobalSection(ProjectConfigurationPlatforms) = postSolution
		{FCB08B5B-C4C7-4837-8B8D-90FC3FD6D382}.Debug|Any CPU.ActiveCfg = Debug|Any CPU
		{FCB08B5B-C4C7-4837-8B8D-90FC3FD6D382}.Debug|Any CPU.Build.0 = Debug|Any CPU
		{FCB08B5B-C4C7-4837-8B8D-90FC3FD6D382}.Release|Any CPU.ActiveCfg = Release|Any CPU
		{FCB08B5B-C4C7-4837-8B8D-90FC3FD6D382}.Release|Any CPU.Build.0 = Release|Any CPU
	EndGlobalSection
	GlobalSection(SolutionProperties) = preSolution
		HideSolutionNode = FALSE
	EndGlobalSection
	GlobalSection(ExtensibilityGlobals) = postSolution
		SolutionGuid = {9A49C3E5-AC55-45D7-B9CB-0EB89F7572BF}
	EndGlobalSection
EndGlobal
